Microsoft Visual Studio Solution File, Format Version 12.00
# Visual Studio Version 17
VisualStudioVersion = 17.5.2.0
MinimumVisualStudioVersion = 10.0.40219.1
Project("{FAE04EC0-301F-11D3-BF4B-00C04F79EFBC}") = "UrlSaver", "UrlSaver.csproj", "{60CD5CA4-5B1C-ADE1-11AC-8C7F0EE8F205}"
EndProject
Global
	GlobalSection(SolutionConfigurationPlatforms) = preSolution
		Debug|Any CPU = Debug|Any CPU
		Release|Any CPU = Release|Any CPU
	EndGlobalSection
	GlobalSection(ProjectConfigurationPlatforms) = postSolution
		{60CD5CA4-5B1C-ADE1-11AC-8C7F0EE8F205}.Debug|Any CPU.ActiveCfg = Debug|Any CPU
		{60CD5CA4-5B1C-ADE1-11AC-8C7F0EE8F205}.Debug|Any CPU.Build.0 = Debug|Any CPU
		{60CD5CA4-5B1C-ADE1-11AC-8C7F0EE8F205}.Release|Any CPU.ActiveCfg = Release|Any CPU
		{60CD5CA4-5B1C-ADE1-11AC-8C7F0EE8F205}.Release|Any CPU.Build.0 = Release|Any CPU
	EndGlobalSection
	GlobalSection(SolutionProperties) = preSolution
		HideSolutionNode = FALSE
	EndGlobalSection
	GlobalSection(ExtensibilityGlobals) = postSolution
		SolutionGuid = {CF6F7F6A-8161-4EA9-9A34-8C055B598D2C}
	EndGlobalSection
EndGlobal
